// !$*UTF8*$!
{
	archiveVersion = 1;
	classes = {
	};
	objectVersion = 46;
	objects = {

/* Begin PBXBuildFile section */
		A6A995AE1BC82F5500413A2A /* AppDelegate.swift in Sources */ = {isa = PBXBuildFile; fileRef = A6A995AD1BC82F5500413A2A /* AppDelegate.swift */; };
		A6A995B01BC82F5500413A2A /* ViewController.swift in Sources */ = {isa = PBXBuildFile; fileRef = A6A995AF1BC82F5500413A2A /* ViewController.swift */; };
		A6A995B31BC82F5500413A2A /* Main.storyboard in Resources */ = {isa = PBXBuildFile; fileRef = A6A995B11BC82F5500413A2A /* Main.storyboard */; };
		A6A995B51BC82F5500413A2A /* Assets.xcassets in Resources */ = {isa = PBXBuildFile; fileRef = A6A995B41BC82F5500413A2A /* Assets.xcassets */; };
		A6A995B81BC82F5500413A2A /* LaunchScreen.storyboard in Resources */ = {isa = PBXBuildFile; fileRef = A6A995B61BC82F5500413A2A /* LaunchScreen.storyboard */; };
/* End PBXBuildFile section */

/* Begin PBXFileReference section */
		A6A995AA1BC82F5500413A2A /* Supercool.app */ = {isa = PBXFileReference; explicitFileType = wrapper.application; includeInIndex = 0; path = Supercool.app; sourceTree = BUILT_PRODUCTS_DIR; };
		A6A995AD1BC82F5500413A2A /* AppDelegate.swift */ = {isa = PBXFileReference; lastKnownFileType = sourcecode.swift; path = AppDelegate.swift; sourceTree = "<group>"; };
		A6A995AF1BC82F5500413A2A /* ViewController.swift */ = {isa = PBXFileReference; lastKnownFileType = sourcecode.swift; path = ViewController.swift; sourceTree = "<group>"; };
		A6A995B21BC82F5500413A2A /* Base */ = {isa = PBXFileReference; lastKnownFileType = file.storyboard; name = Base; path = Base.lproj/Main.storyboard; sourceTree = "<group>"; };
		A6A995B41BC82F5500413A2A /* Assets.xcassets */ = {isa = PBXFileReference; lastKnownFileType = folder.assetcatalog; path = Assets.xcassets; sourceTree = "<group>"; };
		A6A995B71BC82F5500413A2A /* Base */ = {isa = PBXFileReference; lastKnownFileType = file.storyboard; name = Base; path = Base.lproj/LaunchScreen.storyboard; sourceTree = "<group>"; };
		A6A995B91BC82F5500413A2A /* Info.plist */ = {isa = PBXFileReference; lastKnownFileType = text.plist.xml; path = Info.plist; sourceTree = "<group>"; };
/* End PBXFileReference section */

/* Begin PBXFrameworksBuildPhase section */
		A6A995A71BC82F5400413A2A /* Frameworks */ = {
			isa = PBXFrameworksBuildPhase;
			buildActionMask = 2147483647;
			files = (
			);
			runOnlyForDeploymentPostprocessing = 0;
		};
/* End PBXFrameworksBuildPhase section */

/* Begin PBXGroup section */
		A6A995A11BC82F5400413A2A = {
			isa = PBXGroup;
			children = (
				A6A995AC1BC82F5500413A2A /* Supercool */,
				A6A995AB1BC82F5500413A2A /* Products */,
			);
			sourceTree = "<group>";
		};
		A6A995AB1BC82F5500413A2A /* Products */ = {
			isa = PBXGroup;
			children = (
				A6A995AA1BC82F5500413A2A /* Supercool.app */,
			);
			name = Products;
			sourceTree = "<group>";
		};
		A6A995AC1BC82F5500413A2A /* Supercool */ = {
			isa = PBXGroup;
			children = (
				A6A995AD1BC82F5500413A2A /* AppDelegate.swift */,
				A6A995AF1BC82F5500413A2A /* ViewController.swift */,
				A6A995B11BC82F5500413A2A /* Main.storyboard */,
				A6A995B41BC82F5500413A2A /* Assets.xcassets */,
				A6A995B61BC82F5500413A2A /* LaunchScreen.storyboard */,
				A6A995B91BC82F5500413A2A /* Info.plist */,
			);
			path = Supercool;
			sourceTree = "<group>";
		};
/* End PBXGroup section */

/* Begin PBXNativeTarget section */
		A6A995A91BC82F5400413A2A /* Supercool */ = {
			isa = PBXNativeTarget;
			buildConfigurationList = A6A995BC1BC82F5500413A2A /* Build configuration list for PBXNativeTarget "Supercool" */;
			buildPhases = (
				A6A995A61BC82F5400413A2A /* Sources */,
				A6A995A71BC82F5400413A2A /* Frameworks */,
				A6A995A81BC82F5400413A2A /* Resources */,
			);
			buildRules = (
			);
			dependencies = (
			);
			name = Supercool;
			productName = Supercool;
			productReference = A6A995AA1BC82F5500413A2A /* Supercool.app */;
			productType = "com.apple.product-type.application";
		};
/* End PBXNativeTarget section */

/* Begin PBXProject section */
		A6A995A21BC82F5400413A2A /* Project object */ = {
			isa = PBXProject;
			attributes = {
				LastUpgradeCheck = 0700;
				ORGANIZATIONNAME = Michael;
				TargetAttributes = {
					A6A995A91BC82F5400413A2A = {
						CreatedOnToolsVersion = 7.0.1;
						DevelopmentTeam = 5GZ868K5QQ;
					};
				};
			};
			buildConfigurationList = A6A995A51BC82F5400413A2A /* Build configuration list for PBXProject "Supercool" */;
			compatibilityVersion = "Xcode 3.2";
			developmentRegion = English;
			hasScannedForEncodings = 0;
			knownRegions = (
				en,
				Base,
			);
			mainGroup = A6A995A11BC82F5400413A2A;
			productRefGroup = A6A995AB1BC82F5500413A2A /* Products */;
			projectDirPath = "";
			projectRoot = "";
			targets = (
				A6A995A91BC82F5400413A2A /* Supercool */,
			);
		};
/* End PBXProject section */

/* Begin PBXResourcesBuildPhase section */
		A6A995A81BC82F5400413A2A /* Resources */ = {
			isa = PBXResourcesBuildPhase;
			buildActionMask = 2147483647;
			files = (
				A6A995B81BC82F5500413A2A /* LaunchScreen.storyboard in Resources */,
				A6A995B51BC82F5500413A2A /* Assets.xcassets in Resources */,
				A6A995B31BC82F5500413A2A /* Main.storyboard in Resources */,
			);
			runOnlyForDeploymentPostprocessing = 0;
		};
/* End PBXResourcesBuildPhase section */

/* Begin PBXSourcesBuildPhase section */
		A6A995A61BC82F5400413A2A /* Sources */ = {
			isa = PBXSourcesBuildPhase;
			buildActionMask = 2147483647;
			files = (
				A6A995B01BC82F5500413A2A /* ViewController.swift in Sources */,
				A6A995AE1BC82F5500413A2A /* AppDelegate.swift in Sources */,
			);
			runOnlyForDeploymentPostprocessing = 0;
		};
/* End PBXSourcesBuildPhase section */

/* Begin PBXVariantGroup section */
		A6A995B11BC82F5500413A2A /* Main.storyboard */ = {
			isa = PBXVariantGroup;
			children = (
				A6A995B21BC82F5500413A2A /* Base */,
			);
			name = Main.storyboard;
			sourceTree = "<group>";
		};
		A6A995B61BC82F5500413A2A /* LaunchScreen.storyboard */ = {
			isa = PBXVariantGroup;
			children = (
				A6A995B71BC82F5500413A2A /* Base */,
			);
			name = LaunchScreen.storyboard;
			sourceTree = "<group>";
		};
/* End PBXVariantGroup section */

/* Begin XCBuildConfiguration section */
		A6A995BA1BC82F5500413A2A /* Debug */ = {
			isa = XCBuildConfiguration;
			buildSettings = {
				ALWAYS_SEARCH_USER_PATHS = NO;
				CLANG_CXX_LANGUAGE_STANDARD = "gnu++0x";
				CLANG_CXX_LIBRARY = "libc++";
				CLANG_ENABLE_MODULES = YES;
				CLANG_ENABLE_OBJC_ARC = YES;
				CLANG_WARN_BOOL_CONVERSION = YES;
				CLANG_WARN_CONSTANT_CONVERSION = YES;
				CLANG_WARN_DIRECT_OBJC_ISA_USAGE = YES_ERROR;
				CLANG_WARN_EMPTY_BODY = YES;
				CLANG_WARN_ENUM_CONVERSION = YES;
				CLANG_WARN_INT_CONVERSION = YES;
				CLANG_WARN_OBJC_ROOT_CLASS = YES_ERROR;
				CLANG_WARN_UNREACHABLE_CODE = YES;
				CLANG_WARN__DUPLICATE_METHOD_MATCH = YES;
				"CODE_SIGN_IDENTITY[sdk=iphoneos*]" = "iPhone Developer";
				COPY_PHASE_STRIP = NO;
				DEBUG_INFORMATION_FORMAT = dwarf;
				ENABLE_STRICT_OBJC_MSGSEND = YES;
				ENABLE_TESTABILITY = YES;
				GCC_C_LANGUAGE_STANDARD = gnu99;
				GCC_DYNAMIC_NO_PIC = NO;
				GCC_NO_COMMON_BLOCKS = YES;
				GCC_OPTIMIZATION_LEVEL = 0;
				GCC_PREPROCESSOR_DEFINITIONS = (
					"DEBUG=1",
					"$(inherited)",
				);
				GCC_WARN_64_TO_32_BIT_CONVERSION = YES;
				GCC_WARN_ABOUT_RETURN_TYPE = YES_ERROR;
				GCC_WARN_UNDECLARED_SELECTOR = YES;
				GCC_WARN_UNINITIALIZED_AUTOS = YES_AGGRESSIVE;
				GCC_WARN_UNUSED_FUNCTION = YES;
				GCC_WARN_UNUSED_VARIABLE = YES;
				IPHONEOS_DEPLOYMENT_TARGET = 9.0;
				MTL_ENABLE_DEBUG_INFO = YES;
				ONLY_ACTIVE_ARCH = YES;
				SDKROOT = iphoneos;
				SWIFT_OPTIMIZATION_LEVEL = "-Onone";
			};
			name = Debug;
		};
		A6A995BB1BC82F5500413A2A /* Release */ = {
			isa = XCBuildConfiguration;
			buildSettings = {
				ALWAYS_SEARCH_USER_PATHS = NO;
				CLANG_CXX_LANGUAGE_STANDARD = "gnu++0x";
				CLANG_CXX_LIBRARY = "libc++";
				CLANG_ENABLE_MODULES = YES;
				CLANG_ENABLE_OBJC_ARC = YES;
				CLANG_WARN_BOOL_CONVERSION = YES;
				CLANG_WARN_CONSTANT_CONVERSION = YES;
				CLANG_WARN_DIRECT_OBJC_ISA_USAGE = YES_ERROR;
				CLANG_WARN_EMPTY_BODY = YES;
				CLANG_WARN_ENUM_CONVERSION = YES;
				CLANG_WARN_INT_CONVERSION = YES;
				CLANG_WARN_OBJC_ROOT_CLASS = YES_ERROR;
				CLANG_WARN_UNREACHABLE_CODE = YES;
				CLANG_WARN__DUPLICATE_METHOD_MATCH = YES;
				"CODE_SIGN_IDENTITY[sdk=iphoneos*]" = "iPhone Developer";
				COPY_PHASE_STRIP = NO;
				DEBUG_INFORMATION_FORMAT = "dwarf-with-dsym";
				ENABLE_NS_ASSERTIONS = NO;
				ENABLE_STRICT_OBJC_MSGSEND = YES;
				GCC_C_LANGUAGE_STANDARD = gnu99;
				GCC_NO_COMMON_BLOCKS = YES;
				GCC_WARN_64_TO_32_BIT_CONVERSION = YES;
				GCC_WARN_ABOUT_RETURN_TYPE = YES_ERROR;
				GCC_WARN_UNDECLARED_SELECTOR = YES;
				GCC_WARN_UNINITIALIZED_AUTOS = YES_AGGRESSIVE;
				GCC_WARN_UNUSED_FUNCTION = YES;
				GCC_WARN_UNUSED_VARIABLE = YES;
				IPHONEOS_DEPLOYMENT_TARGET = 9.0;
				MTL_ENABLE_DEBUG_INFO = NO;
				SDKROOT = iphoneos;
				VALIDATE_PRODUCT = YES;
			};
			name = Release;
		};
		A6A995BD1BC82F5500413A2A /* Debug */ = {
			isa = XCBuildConfiguration;
			buildSettings = {
				ASSETCATALOG_COMPILER_APPICON_NAME = AppIcon;
				INFOPLIST_FILE = Supercool/Info.plist;
				LD_RUNPATH_SEARCH_PATHS = "$(inherited) @executable_path/Frameworks";
				PRODUCT_BUNDLE_IDENTIFIER = com.devslopes.Supercool;
				PRODUCT_NAME = "$(TARGET_NAME)";
			};
			name = Debug;
		};
		A6A995BE1BC82F5500413A2A /* Release */ = {
			isa = XCBuildConfiguration;
			buildSettings = {
				ASSETCATALOG_COMPILER_APPICON_NAME = AppIcon;
				INFOPLIST_FILE = Supercool/Info.plist;
				LD_RUNPATH_SEARCH_PATHS = "$(inherited) @executable_path/Frameworks";
				PRODUCT_BUNDLE_IDENTIFIER = com.devslopes.Supercool;
				PRODUCT_NAME = "$(TARGET_NAME)";
			};
			name = Release;
		};
/* End XCBuildConfiguration section */

/* Begin XCConfigurationList section */
		A6A995A51BC82F5400413A2A /* Build configuration list for PBXProject "Supercool" */ = {
			isa = XCConfigurationList;
			buildConfigurations = (
				A6A995BA1BC82F5500413A2A /* Debug */,
				A6A995BB1BC82F5500413A2A /* Release */,
			);
			defaultConfigurationIsVisible = 0;
			defaultConfigurationName = Release;
		};
		A6A995BC1BC82F5500413A2A /* Build configuration list for PBXNativeTarget "Supercool" */ = {
			isa = XCConfigurationList;
			buildConfigurations = (
				A6A995BD1BC82F5500413A2A /* Debug */,
				A6A995BE1BC82F5500413A2A /* Release */,
			);
			defaultConfigurationIsVisible = 0;
		};
/* End XCConfigurationList section */
	};
	rootObject = A6A995A21BC82F5400413A2A /* Project object */;
}
